// !$*UTF8*$!
{
	archiveVersion = 1;
	classes = {
	};
	objectVersion = 50;
	objects = {

/* Begin PBXBuildFile section */
		B11037EED80B211FF9F7EB69 /* Pods_EDOauthApp.framework in Frameworks */ = {isa = PBXBuildFile; fileRef = B2DE62BAB197E7128AD0F31C /* Pods_EDOauthApp.framework */; };
		C766F888239E964500919087 /* AppDelegate.swift in Sources */ = {isa = PBXBuildFile; fileRef = C766F887239E964500919087 /* AppDelegate.swift */; };
		C766F88A239E964500919087 /* SceneDelegate.swift in Sources */ = {isa = PBXBuildFile; fileRef = C766F889239E964500919087 /* SceneDelegate.swift */; };
		C766F88C239E964500919087 /* ViewController.swift in Sources */ = {isa = PBXBuildFile; fileRef = C766F88B239E964500919087 /* ViewController.swift */; };
		C766F88F239E964500919087 /* Main.storyboard in Resources */ = {isa = PBXBuildFile; fileRef = C766F88D239E964500919087 /* Main.storyboard */; };
		C766F892239E964500919087 /* EDOauthApp.xcdatamodeld in Sources */ = {isa = PBXBuildFile; fileRef = C766F890239E964500919087 /* EDOauthApp.xcdatamodeld */; };
		C766F894239E964D00919087 /* Assets.xcassets in Resources */ = {isa = PBXBuildFile; fileRef = C766F893239E964D00919087 /* Assets.xcassets */; };
		C766F897239E964D00919087 /* LaunchScreen.storyboard in Resources */ = {isa = PBXBuildFile; fileRef = C766F895239E964D00919087 /* LaunchScreen.storyboard */; };
/* End PBXBuildFile section */

/* Begin PBXFileReference section */
		0850B448DD53BFD89A880E73 /* Pods-EDOauthApp.release.xcconfig */ = {isa = PBXFileReference; includeInIndex = 1; lastKnownFileType = text.xcconfig; name = "Pods-EDOauthApp.release.xcconfig"; path = "Target Support Files/Pods-EDOauthApp/Pods-EDOauthApp.release.xcconfig"; sourceTree = "<group>"; };
		B2DE62BAB197E7128AD0F31C /* Pods_EDOauthApp.framework */ = {isa = PBXFileReference; explicitFileType = wrapper.framework; includeInIndex = 0; path = Pods_EDOauthApp.framework; sourceTree = BUILT_PRODUCTS_DIR; };
		BA194DEF3CDB1C866222AD69 /* Pods-EDOauthApp.debug.xcconfig */ = {isa = PBXFileReference; includeInIndex = 1; lastKnownFileType = text.xcconfig; name = "Pods-EDOauthApp.debug.xcconfig"; path = "Target Support Files/Pods-EDOauthApp/Pods-EDOauthApp.debug.xcconfig"; sourceTree = "<group>"; };
		C766F884239E964500919087 /* EDOauthApp.app */ = {isa = PBXFileReference; explicitFileType = wrapper.application; includeInIndex = 0; path = EDOauthApp.app; sourceTree = BUILT_PRODUCTS_DIR; };
		C766F887239E964500919087 /* AppDelegate.swift */ = {isa = PBXFileReference; lastKnownFileType = sourcecode.swift; path = AppDelegate.swift; sourceTree = "<group>"; };
		C766F889239E964500919087 /* SceneDelegate.swift */ = {isa = PBXFileReference; lastKnownFileType = sourcecode.swift; path = SceneDelegate.swift; sourceTree = "<group>"; };
		C766F88B239E964500919087 /* ViewController.swift */ = {isa = PBXFileReference; lastKnownFileType = sourcecode.swift; path = ViewController.swift; sourceTree = "<group>"; };
		C766F88E239E964500919087 /* Base */ = {isa = PBXFileReference; lastKnownFileType = file.storyboard; name = Base; path = Base.lproj/Main.storyboard; sourceTree = "<group>"; };
		C766F891239E964500919087 /* EDOauthApp.xcdatamodel */ = {isa = PBXFileReference; lastKnownFileType = wrapper.xcdatamodel; path = EDOauthApp.xcdatamodel; sourceTree = "<group>"; };
		C766F893239E964D00919087 /* Assets.xcassets */ = {isa = PBXFileReference; lastKnownFileType = folder.assetcatalog; path = Assets.xcassets; sourceTree = "<group>"; };
		C766F896239E964D00919087 /* Base */ = {isa = PBXFileReference; lastKnownFileType = file.storyboard; name = Base; path = Base.lproj/LaunchScreen.storyboard; sourceTree = "<group>"; };
		C766F898239E964D00919087 /* Info.plist */ = {isa = PBXFileReference; lastKnownFileType = text.plist.xml; path = Info.plist; sourceTree = "<group>"; };
/* End PBXFileReference section */

/* Begin PBXFrameworksBuildPhase section */
		C766F881239E964500919087 /* Frameworks */ = {
			isa = PBXFrameworksBuildPhase;
			buildActionMask = 2147483647;
			files = (
				B11037EED80B211FF9F7EB69 /* Pods_EDOauthApp.framework in Frameworks */,
			);
			runOnlyForDeploymentPostprocessing = 0;
		};
/* End PBXFrameworksBuildPhase section */

/* Begin PBXGroup section */
		544BA85DB31B386DC4AA13DE /* Pods */ = {
			isa = PBXGroup;
			children = (
				BA194DEF3CDB1C866222AD69 /* Pods-EDOauthApp.debug.xcconfig */,
				0850B448DD53BFD89A880E73 /* Pods-EDOauthApp.release.xcconfig */,
			);
			name = Pods;
			path = Pods;
			sourceTree = "<group>";
		};
		7A476642896371D0C1AD1381 /* Frameworks */ = {
			isa = PBXGroup;
			children = (
				B2DE62BAB197E7128AD0F31C /* Pods_EDOauthApp.framework */,
			);
			name = Frameworks;
			sourceTree = "<group>";
		};
		C766F87B239E964500919087 = {
			isa = PBXGroup;
			children = (
				C766F886239E964500919087 /* EDOauthApp */,
				C766F885239E964500919087 /* Products */,
				544BA85DB31B386DC4AA13DE /* Pods */,
				7A476642896371D0C1AD1381 /* Frameworks */,
			);
			sourceTree = "<group>";
		};
		C766F885239E964500919087 /* Products */ = {
			isa = PBXGroup;
			children = (
				C766F884239E964500919087 /* EDOauthApp.app */,
			);
			name = Products;
			sourceTree = "<group>";
		};
		C766F886239E964500919087 /* EDOauthApp */ = {
			isa = PBXGroup;
			children = (
				C766F887239E964500919087 /* AppDelegate.swift */,
				C766F889239E964500919087 /* SceneDelegate.swift */,
				C766F88B239E964500919087 /* ViewController.swift */,
				C766F88D239E964500919087 /* Main.storyboard */,
				C766F893239E964D00919087 /* Assets.xcassets */,
				C766F895239E964D00919087 /* LaunchScreen.storyboard */,
				C766F898239E964D00919087 /* Info.plist */,
				C766F890239E964500919087 /* EDOauthApp.xcdatamodeld */,
			);
			path = EDOauthApp;
			sourceTree = "<group>";
		};
/* End PBXGroup section */

/* Begin PBXNativeTarget section */
		C766F883239E964500919087 /* EDOauthApp */ = {
			isa = PBXNativeTarget;
			buildConfigurationList = C766F89B239E964D00919087 /* Build configuration list for PBXNativeTarget "EDOauthApp" */;
			buildPhases = (
				39B1CE67E31BFB24FC4CEE00 /* [CP] Check Pods Manifest.lock */,
				C766F880239E964500919087 /* Sources */,
				C766F881239E964500919087 /* Frameworks */,
				C766F882239E964500919087 /* Resources */,
				1F6AAD8E6E1D1268347EF7FA /* [CP] Embed Pods Frameworks */,
			);
			buildRules = (
			);
			dependencies = (
			);
			name = EDOauthApp;
			productName = EDOauthApp;
			productReference = C766F884239E964500919087 /* EDOauthApp.app */;
			productType = "com.apple.product-type.application";
		};
/* End PBXNativeTarget section */

/* Begin PBXProject section */
		C766F87C239E964500919087 /* Project object */ = {
			isa = PBXProject;
			attributes = {
				LastSwiftUpdateCheck = 1120;
				LastUpgradeCheck = 1120;
				ORGANIZATIONNAME = "Peter Provart";
				TargetAttributes = {
					C766F883239E964500919087 = {
						CreatedOnToolsVersion = 11.2.1;
					};
				};
			};
			buildConfigurationList = C766F87F239E964500919087 /* Build configuration list for PBXProject "EDOauthApp" */;
			compatibilityVersion = "Xcode 9.3";
			developmentRegion = en;
			hasScannedForEncodings = 0;
			knownRegions = (
				en,
				Base,
			);
			mainGroup = C766F87B239E964500919087;
			productRefGroup = C766F885239E964500919087 /* Products */;
			projectDirPath = "";
			projectRoot = "";
			targets = (
				C766F883239E964500919087 /* EDOauthApp */,
			);
		};
/* End PBXProject section */

/* Begin PBXResourcesBuildPhase section */
		C766F882239E964500919087 /* Resources */ = {
			isa = PBXResourcesBuildPhase;
			buildActionMask = 2147483647;
			files = (
				C766F897239E964D00919087 /* LaunchScreen.storyboard in Resources */,
				C766F894239E964D00919087 /* Assets.xcassets in Resources */,
				C766F88F239E964500919087 /* Main.storyboard in Resources */,
			);
			runOnlyForDeploymentPostprocessing = 0;
		};
/* End PBXResourcesBuildPhase section */

/* Begin PBXShellScriptBuildPhase section */
		1F6AAD8E6E1D1268347EF7FA /* [CP] Embed Pods Frameworks */ = {
			isa = PBXShellScriptBuildPhase;
			buildActionMask = 2147483647;
			files = (
			);
			inputFileListPaths = (
				"${PODS_ROOT}/Target Support Files/Pods-EDOauthApp/Pods-EDOauthApp-frameworks-${CONFIGURATION}-input-files.xcfilelist",
			);
			name = "[CP] Embed Pods Frameworks";
			outputFileListPaths = (
				"${PODS_ROOT}/Target Support Files/Pods-EDOauthApp/Pods-EDOauthApp-frameworks-${CONFIGURATION}-output-files.xcfilelist",
			);
			runOnlyForDeploymentPostprocessing = 0;
			shellPath = /bin/sh;
			shellScript = "\"${PODS_ROOT}/Target Support Files/Pods-EDOauthApp/Pods-EDOauthApp-frameworks.sh\"\n";
			showEnvVarsInLog = 0;
		};
		39B1CE67E31BFB24FC4CEE00 /* [CP] Check Pods Manifest.lock */ = {
			isa = PBXShellScriptBuildPhase;
			buildActionMask = 2147483647;
			files = (
			);
			inputFileListPaths = (
			);
			inputPaths = (
				"${PODS_PODFILE_DIR_PATH}/Podfile.lock",
				"${PODS_ROOT}/Manifest.lock",
			);
			name = "[CP] Check Pods Manifest.lock";
			outputFileListPaths = (
			);
			outputPaths = (
				"$(DERIVED_FILE_DIR)/Pods-EDOauthApp-checkManifestLockResult.txt",
			);
			runOnlyForDeploymentPostprocessing = 0;
			shellPath = /bin/sh;
			shellScript = "diff \"${PODS_PODFILE_DIR_PATH}/Podfile.lock\" \"${PODS_ROOT}/Manifest.lock\" > /dev/null\nif [ $? != 0 ] ; then\n    # print error to STDERR\n    echo \"error: The sandbox is not in sync with the Podfile.lock. Run 'pod install' or update your CocoaPods installation.\" >&2\n    exit 1\nfi\n# This output is used by Xcode 'outputs' to avoid re-running this script phase.\necho \"SUCCESS\" > \"${SCRIPT_OUTPUT_FILE_0}\"\n";
			showEnvVarsInLog = 0;
		};
/* End PBXShellScriptBuildPhase section */

/* Begin PBXSourcesBuildPhase section */
		C766F880239E964500919087 /* Sources */ = {
			isa = PBXSourcesBuildPhase;
			buildActionMask = 2147483647;
			files = (
				C766F88C239E964500919087 /* ViewController.swift in Sources */,
				C766F888239E964500919087 /* AppDelegate.swift in Sources */,
				C766F892239E964500919087 /* EDOauthApp.xcdatamodeld in Sources */,
				C766F88A239E964500919087 /* SceneDelegate.swift in Sources */,
			);
			runOnlyForDeploymentPostprocessing = 0;
		};
/* End PBXSourcesBuildPhase section */

/* Begin PBXVariantGroup section */
		C766F88D239E964500919087 /* Main.storyboard */ = {
			isa = PBXVariantGroup;
			children = (
				C766F88E239E964500919087 /* Base */,
			);
			name = Main.storyboard;
			sourceTree = "<group>";
		};
		C766F895239E964D00919087 /* LaunchScreen.storyboard */ = {
			isa = PBXVariantGroup;
			children = (
				C766F896239E964D00919087 /* Base */,
			);
			name = LaunchScreen.storyboard;
			sourceTree = "<group>";
		};
/* End PBXVariantGroup section */

/* Begin XCBuildConfiguration section */
		C766F899239E964D00919087 /* Debug */ = {
			isa = XCBuildConfiguration;
			buildSettings = {
				ALWAYS_SEARCH_USER_PATHS = NO;
				CLANG_ANALYZER_NONNULL = YES;
				CLANG_ANALYZER_NUMBER_OBJECT_CONVERSION = YES_AGGRESSIVE;
				CLANG_CXX_LANGUAGE_STANDARD = "gnu++14";
				CLANG_CXX_LIBRARY = "libc++";
				CLANG_ENABLE_MODULES = YES;
				CLANG_ENABLE_OBJC_ARC = YES;
				CLANG_ENABLE_OBJC_WEAK = YES;
				CLANG_WARN_BLOCK_CAPTURE_AUTORELEASING = YES;
				CLANG_WARN_BOOL_CONVERSION = YES;
				CLANG_WARN_COMMA = YES;
				CLANG_WARN_CONSTANT_CONVERSION = YES;
				CLANG_WARN_DEPRECATED_OBJC_IMPLEMENTATIONS = YES;
				CLANG_WARN_DIRECT_OBJC_ISA_USAGE = YES_ERROR;
				CLANG_WARN_DOCUMENTATION_COMMENTS = YES;
				CLANG_WARN_EMPTY_BODY = YES;
				CLANG_WARN_ENUM_CONVERSION = YES;
				CLANG_WARN_INFINITE_RECURSION = YES;
				CLANG_WARN_INT_CONVERSION = YES;
				CLANG_WARN_NON_LITERAL_NULL_CONVERSION = YES;
				CLANG_WARN_OBJC_IMPLICIT_RETAIN_SELF = YES;
				CLANG_WARN_OBJC_LITERAL_CONVERSION = YES;
				CLANG_WARN_OBJC_ROOT_CLASS = YES_ERROR;
				CLANG_WARN_RANGE_LOOP_ANALYSIS = YES;
				CLANG_WARN_STRICT_PROTOTYPES = YES;
				CLANG_WARN_SUSPICIOUS_MOVE = YES;
				CLANG_WARN_UNGUARDED_AVAILABILITY = YES_AGGRESSIVE;
				CLANG_WARN_UNREACHABLE_CODE = YES;
				CLANG_WARN__DUPLICATE_METHOD_MATCH = YES;
				COPY_PHASE_STRIP = NO;
				DEBUG_INFORMATION_FORMAT = dwarf;
				ENABLE_STRICT_OBJC_MSGSEND = YES;
				ENABLE_TESTABILITY = YES;
				GCC_C_LANGUAGE_STANDARD = gnu11;
				GCC_DYNAMIC_NO_PIC = NO;
				GCC_NO_COMMON_BLOCKS = YES;
				GCC_OPTIMIZATION_LEVEL = 0;
				GCC_PREPROCESSOR_DEFINITIONS = (
					"DEBUG=1",
					"$(inherited)",
				);
				GCC_WARN_64_TO_32_BIT_CONVERSION = YES;
				GCC_WARN_ABOUT_RETURN_TYPE = YES_ERROR;
				GCC_WARN_UNDECLARED_SELECTOR = YES;
				GCC_WARN_UNINITIALIZED_AUTOS = YES_AGGRESSIVE;
				GCC_WARN_UNUSED_FUNCTION = YES;
				GCC_WARN_UNUSED_VARIABLE = YES;
				IPHONEOS_DEPLOYMENT_TARGET = 13.2;
				MTL_ENABLE_DEBUG_INFO = INCLUDE_SOURCE;
				MTL_FAST_MATH = YES;
				ONLY_ACTIVE_ARCH = YES;
				SDKROOT = iphoneos;
				SWIFT_ACTIVE_COMPILATION_CONDITIONS = DEBUG;
				SWIFT_OPTIMIZATION_LEVEL = "-Onone";
			};
			name = Debug;
		};
		C766F89A239E964D00919087 /* Release */ = {
			isa = XCBuildConfiguration;
			buildSettings = {
				ALWAYS_SEARCH_USER_PATHS = NO;
				CLANG_ANALYZER_NONNULL = YES;
				CLANG_ANALYZER_NUMBER_OBJECT_CONVERSION = YES_AGGRESSIVE;
				CLANG_CXX_LANGUAGE_STANDARD = "gnu++14";
				CLANG_CXX_LIBRARY = "libc++";
				CLANG_ENABLE_MODULES = YES;
				CLANG_ENABLE_OBJC_ARC = YES;
				CLANG_ENABLE_OBJC_WEAK = YES;
				CLANG_WARN_BLOCK_CAPTURE_AUTORELEASING = YES;
				CLANG_WARN_BOOL_CONVERSION = YES;
				CLANG_WARN_COMMA = YES;
				CLANG_WARN_CONSTANT_CONVERSION = YES;
				CLANG_WARN_DEPRECATED_OBJC_IMPLEMENTATIONS = YES;
				CLANG_WARN_DIRECT_OBJC_ISA_USAGE = YES_ERROR;
				CLANG_WARN_DOCUMENTATION_COMMENTS = YES;
				CLANG_WARN_EMPTY_BODY = YES;
				CLANG_WARN_ENUM_CONVERSION = YES;
				CLANG_WARN_INFINITE_RECURSION = YES;
				CLANG_WARN_INT_CONVERSION = YES;
				CLANG_WARN_NON_LITERAL_NULL_CONVERSION = YES;
				CLANG_WARN_OBJC_IMPLICIT_RETAIN_SELF = YES;
				CLANG_WARN_OBJC_LITERAL_CONVERSION = YES;
				CLANG_WARN_OBJC_ROOT_CLASS = YES_ERROR;
				CLANG_WARN_RANGE_LOOP_ANALYSIS = YES;
				CLANG_WARN_STRICT_PROTOTYPES = YES;
				CLANG_WARN_SUSPICIOUS_MOVE = YES;
				CLANG_WARN_UNGUARDED_AVAILABILITY = YES_AGGRESSIVE;
				CLANG_WARN_UNREACHABLE_CODE = YES;
				CLANG_WARN__DUPLICATE_METHOD_MATCH = YES;
				COPY_PHASE_STRIP = NO;
				DEBUG_INFORMATION_FORMAT = "dwarf-with-dsym";
				ENABLE_NS_ASSERTIONS = NO;
				ENABLE_STRICT_OBJC_MSGSEND = YES;
				GCC_C_LANGUAGE_STANDARD = gnu11;
				GCC_NO_COMMON_BLOCKS = YES;
				GCC_WARN_64_TO_32_BIT_CONVERSION = YES;
				GCC_WARN_ABOUT_RETURN_TYPE = YES_ERROR;
				GCC_WARN_UNDECLARED_SELECTOR = YES;
				GCC_WARN_UNINITIALIZED_AUTOS = YES_AGGRESSIVE;
				GCC_WARN_UNUSED_FUNCTION = YES;
				GCC_WARN_UNUSED_VARIABLE = YES;
				IPHONEOS_DEPLOYMENT_TARGET = 13.2;
				MTL_ENABLE_DEBUG_INFO = NO;
				MTL_FAST_MATH = YES;
				SDKROOT = iphoneos;
				SWIFT_COMPILATION_MODE = wholemodule;
				SWIFT_OPTIMIZATION_LEVEL = "-O";
				VALIDATE_PRODUCT = YES;
			};
			name = Release;
		};
		C766F89C239E964D00919087 /* Debug */ = {
			isa = XCBuildConfiguration;
			baseConfigurationReference = BA194DEF3CDB1C866222AD69 /* Pods-EDOauthApp.debug.xcconfig */;
			buildSettings = {
				ASSETCATALOG_COMPILER_APPICON_NAME = AppIcon;
				CODE_SIGN_STYLE = Automatic;
				DEVELOPMENT_TEAM = WP32MX2WJ4;
				INFOPLIST_FILE = EDOauthApp/Info.plist;
				IPHONEOS_DEPLOYMENT_TARGET = 11.4;
				LD_RUNPATH_SEARCH_PATHS = (
					"$(inherited)",
					"@executable_path/Frameworks",
				);
				PRODUCT_BUNDLE_IDENTIFIER = com.cerbyinnovations.EDOauthApp;
				PRODUCT_NAME = "$(TARGET_NAME)";
				SWIFT_VERSION = 5.0;
				TARGETED_DEVICE_FAMILY = 1;
			};
			name = Debug;
		};
		C766F89D239E964D00919087 /* Release */ = {
			isa = XCBuildConfiguration;
			baseConfigurationReference = 0850B448DD53BFD89A880E73 /* Pods-EDOauthApp.release.xcconfig */;
			buildSettings = {
				ASSETCATALOG_COMPILER_APPICON_NAME = AppIcon;
				CODE_SIGN_STYLE = Automatic;
				DEVELOPMENT_TEAM = WP32MX2WJ4;
				INFOPLIST_FILE = EDOauthApp/Info.plist;
				IPHONEOS_DEPLOYMENT_TARGET = 11.4;
				LD_RUNPATH_SEARCH_PATHS = (
					"$(inherited)",
					"@executable_path/Frameworks",
				);
				PRODUCT_BUNDLE_IDENTIFIER = com.cerbyinnovations.EDOauthApp;
				PRODUCT_NAME = "$(TARGET_NAME)";
				SWIFT_VERSION = 5.0;
				TARGETED_DEVICE_FAMILY = 1;
			};
			name = Release;
		};
/* End XCBuildConfiguration section */

/* Begin XCConfigurationList section */
		C766F87F239E964500919087 /* Build configuration list for PBXProject "EDOauthApp" */ = {
			isa = XCConfigurationList;
			buildConfigurations = (
				C766F899239E964D00919087 /* Debug */,
				C766F89A239E964D00919087 /* Release */,
			);
			defaultConfigurationIsVisible = 0;
			defaultConfigurationName = Release;
		};
		C766F89B239E964D00919087 /* Build configuration list for PBXNativeTarget "EDOauthApp" */ = {
			isa = XCConfigurationList;
			buildConfigurations = (
				C766F89C239E964D00919087 /* Debug */,
				C766F89D239E964D00919087 /* Release */,
			);
			defaultConfigurationIsVisible = 0;
			defaultConfigurationName = Release;
		};
/* End XCConfigurationList section */

/* Begin XCVersionGroup section */
		C766F890239E964500919087 /* EDOauthApp.xcdatamodeld */ = {
			isa = XCVersionGroup;
			children = (
				C766F891239E964500919087 /* EDOauthApp.xcdatamodel */,
			);
			currentVersion = C766F891239E964500919087 /* EDOauthApp.xcdatamodel */;
			path = EDOauthApp.xcdatamodeld;
			sourceTree = "<group>";
			versionGroupType = wrapper.xcdatamodel;
		};
/* End XCVersionGroup section */
	};
	rootObject = C766F87C239E964500919087 /* Project object */;
}
